
Microsoft Visual Studio Solution File, Format Version 12.00
# Visual Studio Version 17
VisualStudioVersion = 17.7.34031.279
MinimumVisualStudioVersion = 10.0.40219.1
Project("{FAE04EC0-301F-11D3-BF4B-00C04F79EFBC}") = "GEOPORTALBV", "GEOPORTALBV\GEOPORTALBV.csproj", "{BCBDF5E3-10D5-4A47-A1BC-FBCE71D56037}"
EndProject
Global
	GlobalSection(SolutionConfigurationPlatforms) = preSolution
		Debug|Any CPU = Debug|Any CPU
		Release|Any CPU = Release|Any CPU
	EndGlobalSection
	GlobalSection(ProjectConfigurationPlatforms) = postSolution
		{BCBDF5E3-10D5-4A47-A1BC-FBCE71D56037}.Debug|Any CPU.ActiveCfg = Debug|Any CPU
		{BCBDF5E3-10D5-4A47-A1BC-FBCE71D56037}.Debug|Any CPU.Build.0 = Debug|Any CPU
		{BCBDF5E3-10D5-4A47-A1BC-FBCE71D56037}.Release|Any CPU.ActiveCfg = Release|Any CPU
		{BCBDF5E3-10D5-4A47-A1BC-FBCE71D56037}.Release|Any CPU.Build.0 = Release|Any CPU
	EndGlobalSection
	GlobalSection(SolutionProperties) = preSolution
		HideSolutionNode = FALSE
	EndGlobalSection
	GlobalSection(ExtensibilityGlobals) = postSolution
		SolutionGuid = {9E9176B8-F9F8-4C3A-8F11-CB055C94CB6B}
	EndGlobalSection
EndGlobal
